{
  "nodes": {
    "crane": {
      "inputs": {
        "nixpkgs": [
          "nixpkgs"
        ]
      },
      "locked": {
        "lastModified": 1722960479,
        "narHash": "sha256-NhCkJJQhD5GUib8zN9JrmYGMwt4lCRp6ZVNzIiYCl0Y=",
        "owner": "ipetkov",
        "repo": "crane",
        "rev": "4c6c77920b8d44cd6660c1621dea6b3fc4b4c4f4",
        "type": "github"
      },
      "original": {
        "owner": "ipetkov",
        "repo": "crane",
        "type": "github"
      }
    },
    "flake-utils": {
      "inputs": {
        "systems": "systems"
      },
      "locked": {
        "lastModified": 1689068808,
        "narHash": "sha256-6ixXo3wt24N/melDWjq70UuHQLxGV8jZvooRanIHXw0=",
        "owner": "numtide",
        "repo": "flake-utils",
        "rev": "919d646de7be200f3bf08cb76ae1f09402b6f9b4",
        "type": "github"
      },
      "original": {
        "owner": "numtide",
        "repo": "flake-utils",
        "type": "github"
      }
    },
    "nixpkgs": {
      "locked": {
        "lastModified": 1721059602,
        "narHash": "sha256-LCTss2iem0kTTSihKamsYTc1ZUL85S8TXqwhelOevqI=",
        "owner": "nixos",
        "repo": "nixpkgs",
        "rev": "ccb1f96597312925b921f21461f713691c6050f0",
        "type": "github"
      },
      "original": {
        "owner": "nixos",
        "repo": "nixpkgs",
        "type": "github"
      }
    },
    "npm-buildpackage": {
      "inputs": {
        "nixpkgs": [
          "nixpkgs"
        ]
      },
      "locked": {
        "lastModified": 1686315622,
        "narHash": "sha256-ccqZqY6wUFot0ewyNKQUrMR6IEliGza+pjKoSVMXIeM=",
        "owner": "serokell",
        "repo": "nix-npm-buildpackage",
        "rev": "991a792bccd611842f6bc1aa99fe80380ad68d44",
        "type": "github"
      },
      "original": {
        "owner": "serokell",
        "repo": "nix-npm-buildpackage",
        "type": "github"
      }
    },
    "octez-v21": {
      "inputs": {
        "flake-utils": [
          "flake-utils"
        ],
        "nixpkgs": [
          "nixpkgs"
        ],
        "opam-nix-integration": [
          "opam-nix-integration"
        ],
        "opam-repository": "opam-repository",
        "rust-overlay": [
          "rust-overlay"
        ]
      },
      "locked": {
        "lastModified": 1726495500,
        "narHash": "sha256-LxIn3uvqOrNdlcUnbSvHGnVTn47rREvVqdvA4+AL8D0=",
        "owner": "tezos",
        "repo": "tezos",
        "rev": "44643df827aa2d745c3d8a09a6649fe175ff77d7",
        "type": "gitlab"
      },
      "original": {
        "owner": "tezos",
        "ref": "octez-v21.0-rc2",
        "repo": "tezos",
        "type": "gitlab"
      }
    },
    "opam-nix-integration": {
      "inputs": {
        "flake-utils": [
          "flake-utils"
        ],
        "nixpkgs": [
          "nixpkgs"
        ],
        "opam-repository": "opam-repository_2"
      },
      "locked": {
        "lastModified": 1716561961,
        "narHash": "sha256-SgeZItYuUZV7WSaoX4G7J1ZpmwgeI3ocQCLP95E+O1U=",
        "owner": "vapourismo",
        "repo": "opam-nix-integration",
        "rev": "0f98236c75cdb436be7669ccaa249264456baa37",
        "type": "github"
      },
      "original": {
        "owner": "vapourismo",
        "repo": "opam-nix-integration",
        "type": "github"
      }
    },
    "opam-repository": {
      "flake": false,
      "locked": {
        "lastModified": 1723381368,
        "narHash": "sha256-fN8jaeSfK8lbIQcvPXk96FeH8i7sjGjkwqnf0C9ZCog=",
        "owner": "ocaml",
        "repo": "opam-repository",
        "rev": "0f4d0ee5b69b496a4e26f305891c31400f0b4b5f",
        "type": "github"
      },
      "original": {
        "owner": "ocaml",
        "repo": "opam-repository",
        "type": "github"
      }
    },
    "opam-repository_2": {
      "flake": false,
      "locked": {
        "lastModified": 1688548241,
        "narHash": "sha256-cmk1kCLtcL9GJplfl4J7t0r8g0N25O4G0ctycV4eyPo=",
        "owner": "ocaml",
        "repo": "opam-repository",
        "rev": "860072345fa2f234ff10ffeee88db6906e138e92",
        "type": "github"
      },
      "original": {
        "owner": "ocaml",
        "repo": "opam-repository",
        "type": "github"
      }
    },
    "root": {
      "inputs": {
        "crane": "crane",
        "flake-utils": "flake-utils",
        "nixpkgs": "nixpkgs",
        "npm-buildpackage": "npm-buildpackage",
        "octez-v21": "octez-v21",
        "opam-nix-integration": "opam-nix-integration",
        "rust-overlay": "rust-overlay",
        "treefmt": "treefmt"
      }
    },
    "rust-overlay": {
      "inputs": {
        "flake-utils": [
          "flake-utils"
        ],
        "nixpkgs": [
          "nixpkgs"
        ]
      },
      "locked": {
        "lastModified": 1701656211,
        "narHash": "sha256-lfFXsLWH4hVbEKR6K+UcDiKxeS6Lz4FkC1DZ9LHqf9Y=",
        "owner": "oxalica",
        "repo": "rust-overlay",
        "rev": "47a276e820ae4ae1b8d98a503bf09d2ceb52dfd8",
        "type": "github"
      },
      "original": {
        "owner": "oxalica",
        "repo": "rust-overlay",
        "type": "github"
      }
    },
    "systems": {
      "locked": {
        "lastModified": 1681028828,
        "narHash": "sha256-Vy1rq5AaRuLzOxct8nz4T6wlgyUR7zLU309k9mBC768=",
        "owner": "nix-systems",
        "repo": "default",
        "rev": "da67096a3b9bf56a91d16901293e51ba5b49a27e",
        "type": "github"
      },
      "original": {
        "owner": "nix-systems",
        "repo": "default",
        "type": "github"
      }
    },
    "treefmt": {
      "inputs": {
        "nixpkgs": [
          "nixpkgs"
        ]
      },
      "locked": {
        "lastModified": 1723656612,
        "narHash": "sha256-6Sx+/VhRPLR+kRf6rnNUFMQ66DUz1DMYajixYUe+CUU=",
        "owner": "numtide",
        "repo": "treefmt-nix",
        "rev": "4a6d7dccf80a1aa2d04cfaa88d9e5511542a2486",
        "type": "github"
      },
      "original": {
        "owner": "numtide",
        "repo": "treefmt-nix",
        "type": "github"
      }
    }
  },
  "root": "root",
  "version": 7
}
