{
  "nodes": {
    "crane": {
      "locked": {
        "lastModified": 1739936662,
        "narHash": "sha256-x4syUjNUuRblR07nDPeLDP7DpphaBVbUaSoeZkFbGSk=",
        "owner": "ipetkov",
        "repo": "crane",
        "rev": "19de14aaeb869287647d9461cbd389187d8ecdb7",
        "type": "github"
      },
      "original": {
        "owner": "ipetkov",
        "repo": "crane",
        "type": "github"
      }
    },
    "flake-compat": {
      "locked": {
        "lastModified": 1696426674,
        "narHash": "sha256-kvjfFW7WAETZlt09AgDn1MrtKzP7t90Vf7vypd3OL1U=",
        "rev": "0f9255e01c2351cc7d116c072cb317785dd33b33",
        "revCount": 57,
        "type": "tarball",
        "url": "https://api.flakehub.com/f/pinned/edolstra/flake-compat/1.0.1/018afb31-abd1-7bff-a5e4-cff7e18efb7a/source.tar.gz"
      },
      "original": {
        "type": "tarball",
        "url": "https://flakehub.com/f/edolstra/flake-compat/1.tar.gz"
      }
    },
    "flake-utils": {
      "inputs": {
        "systems": "systems"
      },
      "locked": {
        "lastModified": 1731533236,
        "narHash": "sha256-l0KFg5HjrsfsO/JpG+r7fRrqm12kzFHyUHqHCVpMMbI=",
        "owner": "numtide",
        "repo": "flake-utils",
        "rev": "11707dc2f618dd54ca8739b309ec4fc024de578b",
        "type": "github"
      },
      "original": {
        "owner": "numtide",
        "repo": "flake-utils",
        "type": "github"
      }
    },
    "nixpkgs": {
      "locked": {
        "lastModified": 1741010256,
        "narHash": "sha256-WZNlK/KX7Sni0RyqLSqLPbK8k08Kq7H7RijPJbq9KHM=",
        "owner": "nixos",
        "repo": "nixpkgs",
        "rev": "ba487dbc9d04e0634c64e3b1f0d25839a0a68246",
        "type": "github"
      },
      "original": {
        "owner": "nixos",
        "repo": "nixpkgs",
        "type": "github"
      }
    },
    "npm-buildpackage": {
      "inputs": {
        "nixpkgs": [
          "nixpkgs"
        ]
      },
      "locked": {
        "lastModified": 1686315622,
        "narHash": "sha256-ccqZqY6wUFot0ewyNKQUrMR6IEliGza+pjKoSVMXIeM=",
        "owner": "serokell",
        "repo": "nix-npm-buildpackage",
        "rev": "991a792bccd611842f6bc1aa99fe80380ad68d44",
        "type": "github"
      },
      "original": {
        "owner": "serokell",
        "repo": "nix-npm-buildpackage",
        "type": "github"
      }
    },
    "octezPackages": {
      "inputs": {
        "flake-compat": "flake-compat",
        "flake-utils": [
          "flake-utils"
        ],
        "nixpkgs": [
          "nixpkgs"
        ],
        "opam-nix-integration": [
          "opam-nix-integration"
        ],
        "opam-repository": "opam-repository",
        "rust-overlay": [
          "rust-overlay"
        ]
      },
      "locked": {
        "lastModified": 1740505579,
        "narHash": "sha256-Gf83zujQlUWJVu8UFweDB+NBefCQ6dlOKX5FAs68eQk=",
        "owner": "tezos",
        "repo": "tezos",
        "rev": "f1704a0580f70c48451cf0beef0a93bf10f536a9",
        "type": "gitlab"
      },
      "original": {
        "owner": "tezos",
        "ref": "octez-v22.0-rc1",
        "repo": "tezos",
        "type": "gitlab"
      }
    },
    "opam-nix-integration": {
      "inputs": {
        "flake-utils": [
          "flake-utils"
        ],
        "nixpkgs": [
          "nixpkgs"
        ],
        "opam-repository": "opam-repository_2"
      },
      "locked": {
        "lastModified": 1733485420,
        "narHash": "sha256-8tdWH9ojaXR95yvskNO62ugSMpZdsOX/ipU0rPPWsok=",
        "owner": "vapourismo",
        "repo": "opam-nix-integration",
        "rev": "698b636dc194511a818bdf9ba2f9d5639e268bea",
        "type": "github"
      },
      "original": {
        "owner": "vapourismo",
        "repo": "opam-nix-integration",
        "type": "github"
      }
    },
    "opam-repository": {
      "flake": false,
      "locked": {
        "lastModified": 1738066957,
        "narHash": "sha256-zUOPhbEsAJprwvanDVDT3DSV1ioUjuGxMVYCYlzfd2E=",
        "owner": "ocaml",
        "repo": "opam-repository",
        "rev": "aa131f3eda80ed7121debe7582faaf50448bc105",
        "type": "github"
      },
      "original": {
        "owner": "ocaml",
        "repo": "opam-repository",
        "type": "github"
      }
    },
    "opam-repository_2": {
      "flake": false,
      "locked": {
        "lastModified": 1733410362,
        "narHash": "sha256-1FF9b/mKh69J4z832m7qLbZ5XY4zq7KJ8FpLNPxdHjc=",
        "owner": "ocaml",
        "repo": "opam-repository",
        "rev": "f51a0cfb02636dd317844a2246d8d08b3581867e",
        "type": "github"
      },
      "original": {
        "owner": "ocaml",
        "repo": "opam-repository",
        "type": "github"
      }
    },
    "root": {
      "inputs": {
        "crane": "crane",
        "flake-utils": "flake-utils",
        "nixpkgs": "nixpkgs",
        "npm-buildpackage": "npm-buildpackage",
        "octezPackages": "octezPackages",
        "opam-nix-integration": "opam-nix-integration",
        "rust-overlay": "rust-overlay",
        "treefmt": "treefmt"
      }
    },
    "rust-overlay": {
      "inputs": {
        "nixpkgs": [
          "nixpkgs"
        ]
      },
      "locked": {
        "lastModified": 1740969088,
        "narHash": "sha256-BajboqzFnDhxVT0SXTDKVJCKtFP96lZXccBlT/43mao=",
        "owner": "oxalica",
        "repo": "rust-overlay",
        "rev": "20fdb02098fdda9a25a2939b975abdd7bc03f62d",
        "type": "github"
      },
      "original": {
        "owner": "oxalica",
        "repo": "rust-overlay",
        "type": "github"
      }
    },
    "systems": {
      "locked": {
        "lastModified": 1681028828,
        "narHash": "sha256-Vy1rq5AaRuLzOxct8nz4T6wlgyUR7zLU309k9mBC768=",
        "owner": "nix-systems",
        "repo": "default",
        "rev": "da67096a3b9bf56a91d16901293e51ba5b49a27e",
        "type": "github"
      },
      "original": {
        "owner": "nix-systems",
        "repo": "default",
        "type": "github"
      }
    },
    "treefmt": {
      "inputs": {
        "nixpkgs": [
          "nixpkgs"
        ]
      },
      "locked": {
        "lastModified": 1739829690,
        "narHash": "sha256-mL1szCeIsjh6Khn3nH2cYtwO5YXG6gBiTw1A30iGeDU=",
        "owner": "numtide",
        "repo": "treefmt-nix",
        "rev": "3d0579f5cc93436052d94b73925b48973a104204",
        "type": "github"
      },
      "original": {
        "owner": "numtide",
        "repo": "treefmt-nix",
        "type": "github"
      }
    }
  },
  "root": "root",
  "version": 7
}
