{
  "nodes": {
    "crane": {
      "inputs": {
        "nixpkgs": [
          "nixpkgs"
        ]
      },
      "locked": {
        "lastModified": 1722960479,
        "narHash": "sha256-NhCkJJQhD5GUib8zN9JrmYGMwt4lCRp6ZVNzIiYCl0Y=",
        "owner": "ipetkov",
        "repo": "crane",
        "rev": "4c6c77920b8d44cd6660c1621dea6b3fc4b4c4f4",
        "type": "github"
      },
      "original": {
        "owner": "ipetkov",
        "repo": "crane",
        "type": "github"
      }
    },
    "flake-compat": {
      "locked": {
        "lastModified": 1696426674,
        "narHash": "sha256-kvjfFW7WAETZlt09AgDn1MrtKzP7t90Vf7vypd3OL1U=",
        "rev": "0f9255e01c2351cc7d116c072cb317785dd33b33",
        "revCount": 57,
        "type": "tarball",
        "url": "https://api.flakehub.com/f/pinned/edolstra/flake-compat/1.0.1/018afb31-abd1-7bff-a5e4-cff7e18efb7a/source.tar.gz"
      },
      "original": {
        "type": "tarball",
        "url": "https://flakehub.com/f/edolstra/flake-compat/1.tar.gz"
      }
    },
    "flake-utils": {
      "inputs": {
        "systems": "systems"
      },
      "locked": {
        "lastModified": 1689068808,
        "narHash": "sha256-6ixXo3wt24N/melDWjq70UuHQLxGV8jZvooRanIHXw0=",
        "owner": "numtide",
        "repo": "flake-utils",
        "rev": "919d646de7be200f3bf08cb76ae1f09402b6f9b4",
        "type": "github"
      },
      "original": {
        "owner": "numtide",
        "repo": "flake-utils",
        "type": "github"
      }
    },
    "flake-utils_2": {
      "inputs": {
        "systems": "systems_2"
      },
      "locked": {
        "lastModified": 1726560853,
        "narHash": "sha256-X6rJYSESBVr3hBoH0WbKE5KvhPU5bloyZ2L4K60/fPQ=",
        "owner": "numtide",
        "repo": "flake-utils",
        "rev": "c1dfcf08411b08f6b8615f7d8971a2bfa81d5e8a",
        "type": "github"
      },
      "original": {
        "owner": "numtide",
        "repo": "flake-utils",
        "type": "github"
      }
    },
    "flake-utils_3": {
      "inputs": {
        "systems": "systems_3"
      },
      "locked": {
        "lastModified": 1687709756,
        "narHash": "sha256-Y5wKlQSkgEK2weWdOu4J3riRd+kV/VCgHsqLNTTWQ/0=",
        "owner": "numtide",
        "repo": "flake-utils",
        "rev": "dbabf0ca0c0c4bce6ea5eaf65af5cb694d2082c7",
        "type": "github"
      },
      "original": {
        "owner": "numtide",
        "repo": "flake-utils",
        "type": "github"
      }
    },
    "nixpkgs": {
      "locked": {
        "lastModified": 1721059602,
        "narHash": "sha256-LCTss2iem0kTTSihKamsYTc1ZUL85S8TXqwhelOevqI=",
        "owner": "nixos",
        "repo": "nixpkgs",
        "rev": "ccb1f96597312925b921f21461f713691c6050f0",
        "type": "github"
      },
      "original": {
        "owner": "nixos",
        "repo": "nixpkgs",
        "type": "github"
      }
    },
    "nixpkgs_2": {
      "locked": {
        "lastModified": 1717179513,
        "narHash": "sha256-vboIEwIQojofItm2xGCdZCzW96U85l9nDW3ifMuAIdM=",
        "owner": "NixOS",
        "repo": "nixpkgs",
        "rev": "63dacb46bf939521bdc93981b4cbb7ecb58427a0",
        "type": "github"
      },
      "original": {
        "owner": "NixOS",
        "ref": "24.05",
        "repo": "nixpkgs",
        "type": "github"
      }
    },
    "nixpkgs_3": {
      "locked": {
        "lastModified": 1688587528,
        "narHash": "sha256-a1WlbVZyFtXVwqU/Ut+tl8aTgexp/GKloQtGA1Hfwjw=",
        "owner": "NixOS",
        "repo": "nixpkgs",
        "rev": "08c696c8d702e98d6693efea6d0be94b54849a16",
        "type": "github"
      },
      "original": {
        "owner": "NixOS",
        "repo": "nixpkgs",
        "type": "github"
      }
    },
    "nixpkgs_4": {
      "locked": {
        "lastModified": 1718428119,
        "narHash": "sha256-WdWDpNaq6u1IPtxtYHHWpl5BmabtpmLnMAx0RdJ/vo8=",
        "owner": "NixOS",
        "repo": "nixpkgs",
        "rev": "e6cea36f83499eb4e9cd184c8a8e823296b50ad5",
        "type": "github"
      },
      "original": {
        "owner": "NixOS",
        "ref": "nixpkgs-unstable",
        "repo": "nixpkgs",
        "type": "github"
      }
    },
    "npm-buildpackage": {
      "inputs": {
        "nixpkgs": [
          "nixpkgs"
        ]
      },
      "locked": {
        "lastModified": 1686315622,
        "narHash": "sha256-ccqZqY6wUFot0ewyNKQUrMR6IEliGza+pjKoSVMXIeM=",
        "owner": "serokell",
        "repo": "nix-npm-buildpackage",
        "rev": "991a792bccd611842f6bc1aa99fe80380ad68d44",
        "type": "github"
      },
      "original": {
        "owner": "serokell",
        "repo": "nix-npm-buildpackage",
        "type": "github"
      }
    },
    "octez-v21": {
      "inputs": {
        "flake-compat": "flake-compat",
        "flake-utils": "flake-utils_2",
        "nixpkgs": "nixpkgs_2",
        "opam-nix-integration": "opam-nix-integration",
        "opam-repository": "opam-repository",
        "rust-overlay": "rust-overlay"
      },
      "locked": {
        "lastModified": 1729167219,
        "narHash": "sha256-/C7YMgvhiC03dGL+BBG88EEN0t/Fhk+3bB9U/Idobs4=",
        "owner": "tezos",
        "repo": "tezos",
        "rev": "c6c7373f31917d1bcf1fbc6550937b3ae1d3d748",
        "type": "gitlab"
      },
      "original": {
        "owner": "tezos",
        "repo": "tezos",
        "rev": "c6c7373f31917d1bcf1fbc6550937b3ae1d3d748",
        "type": "gitlab"
      }
    },
    "opam-nix-integration": {
      "inputs": {
        "flake-utils": "flake-utils_3",
        "nixpkgs": "nixpkgs_3",
        "opam-repository": [
          "octez-v21",
          "opam-repository"
        ]
      },
      "locked": {
        "lastModified": 1728662094,
        "narHash": "sha256-tOAquEaPr15wNWbfsxNqV6s6oCfC0yQvC5D5MRKm+ig=",
        "owner": "vapourismo",
        "repo": "opam-nix-integration",
        "rev": "576bfd60b8fc1cf548ae71b842496a15a797f4fd",
        "type": "github"
      },
      "original": {
        "owner": "vapourismo",
        "repo": "opam-nix-integration",
        "type": "github"
      }
    },
    "opam-repository": {
      "flake": false,
      "locked": {
        "lastModified": 1727454553,
        "narHash": "sha256-9p5c2qV5IfRGrYEnHNFw7hHCYgD2jAnTumJStUr8dPE=",
        "owner": "ocaml",
        "repo": "opam-repository",
        "rev": "a70ac3366bdaaf354374c8ac8929d09c17e6f494",
        "type": "github"
      },
      "original": {
        "owner": "ocaml",
        "repo": "opam-repository",
        "type": "github"
      }
    },
    "root": {
      "inputs": {
        "crane": "crane",
        "flake-utils": "flake-utils",
        "nixpkgs": "nixpkgs",
        "npm-buildpackage": "npm-buildpackage",
        "octez-v21": "octez-v21",
        "rust-overlay": "rust-overlay_2",
        "treefmt": "treefmt"
      }
    },
    "rust-overlay": {
      "inputs": {
        "nixpkgs": "nixpkgs_4"
      },
      "locked": {
        "lastModified": 1722305989,
        "narHash": "sha256-ljiuTGSFuEtudqFqp/5Wr1OuEsVCjur/F2CmlNujSjc=",
        "owner": "oxalica",
        "repo": "rust-overlay",
        "rev": "38c2f156fca1868c8be7195ddac150522752f6ab",
        "type": "github"
      },
      "original": {
        "owner": "oxalica",
        "repo": "rust-overlay",
        "rev": "38c2f156fca1868c8be7195ddac150522752f6ab",
        "type": "github"
      }
    },
    "rust-overlay_2": {
      "inputs": {
        "nixpkgs": [
          "nixpkgs"
        ]
      },
      "locked": {
        "lastModified": 1729132166,
        "narHash": "sha256-Mhl4T7gDGknG4nPbHNSGWynfSjZeoWBdsaIzhUYuIlU=",
        "owner": "oxalica",
        "repo": "rust-overlay",
        "rev": "32d889f9b9fc65cb65aa2d5db282d60ed06f348e",
        "type": "github"
      },
      "original": {
        "owner": "oxalica",
        "repo": "rust-overlay",
        "type": "github"
      }
    },
    "systems": {
      "locked": {
        "lastModified": 1681028828,
        "narHash": "sha256-Vy1rq5AaRuLzOxct8nz4T6wlgyUR7zLU309k9mBC768=",
        "owner": "nix-systems",
        "repo": "default",
        "rev": "da67096a3b9bf56a91d16901293e51ba5b49a27e",
        "type": "github"
      },
      "original": {
        "owner": "nix-systems",
        "repo": "default",
        "type": "github"
      }
    },
    "systems_2": {
      "locked": {
        "lastModified": 1681028828,
        "narHash": "sha256-Vy1rq5AaRuLzOxct8nz4T6wlgyUR7zLU309k9mBC768=",
        "owner": "nix-systems",
        "repo": "default",
        "rev": "da67096a3b9bf56a91d16901293e51ba5b49a27e",
        "type": "github"
      },
      "original": {
        "owner": "nix-systems",
        "repo": "default",
        "type": "github"
      }
    },
    "systems_3": {
      "locked": {
        "lastModified": 1681028828,
        "narHash": "sha256-Vy1rq5AaRuLzOxct8nz4T6wlgyUR7zLU309k9mBC768=",
        "owner": "nix-systems",
        "repo": "default",
        "rev": "da67096a3b9bf56a91d16901293e51ba5b49a27e",
        "type": "github"
      },
      "original": {
        "owner": "nix-systems",
        "repo": "default",
        "type": "github"
      }
    },
    "treefmt": {
      "inputs": {
        "nixpkgs": [
          "nixpkgs"
        ]
      },
      "locked": {
        "lastModified": 1723656612,
        "narHash": "sha256-6Sx+/VhRPLR+kRf6rnNUFMQ66DUz1DMYajixYUe+CUU=",
        "owner": "numtide",
        "repo": "treefmt-nix",
        "rev": "4a6d7dccf80a1aa2d04cfaa88d9e5511542a2486",
        "type": "github"
      },
      "original": {
        "owner": "numtide",
        "repo": "treefmt-nix",
        "type": "github"
      }
    }
  },
  "root": "root",
  "version": 7
}
